// !$*UTF8*$!
{
	archiveVersion = 1;
	classes = {
	};
	objectVersion = 50;
	objects = {

/* Begin PBXBuildFile section */
		72EC5B98279F7C766C29BC52 /* Pods_FlutterPodTest.framework in Frameworks */ = {isa = PBXBuildFile; fileRef = 537C1016858DBBF1BC7F4A77 /* Pods_FlutterPodTest.framework */; };
		F6D79E4F232A044C00E68AA0 /* AppDelegate.m in Sources */ = {isa = PBXBuildFile; fileRef = F6D79E4E232A044C00E68AA0 /* AppDelegate.m */; };
		F6D79E52232A044C00E68AA0 /* ViewController.m in Sources */ = {isa = PBXBuildFile; fileRef = F6D79E51232A044C00E68AA0 /* ViewController.m */; };
		F6D79E55232A044C00E68AA0 /* Main.storyboard in Resources */ = {isa = PBXBuildFile; fileRef = F6D79E53232A044C00E68AA0 /* Main.storyboard */; };
		F6D79E57232A044D00E68AA0 /* Assets.xcassets in Resources */ = {isa = PBXBuildFile; fileRef = F6D79E56232A044D00E68AA0 /* Assets.xcassets */; };
		F6D79E5A232A044D00E68AA0 /* LaunchScreen.storyboard in Resources */ = {isa = PBXBuildFile; fileRef = F6D79E58232A044D00E68AA0 /* LaunchScreen.storyboard */; };
		F6D79E5D232A044D00E68AA0 /* main.m in Sources */ = {isa = PBXBuildFile; fileRef = F6D79E5C232A044D00E68AA0 /* main.m */; };
/* End PBXBuildFile section */

/* Begin PBXFileReference section */
		537C1016858DBBF1BC7F4A77 /* Pods_FlutterPodTest.framework */ = {isa = PBXFileReference; explicitFileType = wrapper.framework; includeInIndex = 0; path = Pods_FlutterPodTest.framework; sourceTree = BUILT_PRODUCTS_DIR; };
		8CE0B66BC7F14D786EE68620 /* Pods-FlutterPodTest.release.xcconfig */ = {isa = PBXFileReference; includeInIndex = 1; lastKnownFileType = text.xcconfig; name = "Pods-FlutterPodTest.release.xcconfig"; path = "Target Support Files/Pods-FlutterPodTest/Pods-FlutterPodTest.release.xcconfig"; sourceTree = "<group>"; };
		F0CC42F686DE124BE45F5C2C /* Pods-FlutterPodTest.debug.xcconfig */ = {isa = PBXFileReference; includeInIndex = 1; lastKnownFileType = text.xcconfig; name = "Pods-FlutterPodTest.debug.xcconfig"; path = "Target Support Files/Pods-FlutterPodTest/Pods-FlutterPodTest.debug.xcconfig"; sourceTree = "<group>"; };
		F6D79E4A232A044C00E68AA0 /* FlutterPodTest.app */ = {isa = PBXFileReference; explicitFileType = wrapper.application; includeInIndex = 0; path = FlutterPodTest.app; sourceTree = BUILT_PRODUCTS_DIR; };
		F6D79E4D232A044C00E68AA0 /* AppDelegate.h */ = {isa = PBXFileReference; lastKnownFileType = sourcecode.c.h; path = AppDelegate.h; sourceTree = "<group>"; };
		F6D79E4E232A044C00E68AA0 /* AppDelegate.m */ = {isa = PBXFileReference; lastKnownFileType = sourcecode.c.objc; path = AppDelegate.m; sourceTree = "<group>"; };
		F6D79E50232A044C00E68AA0 /* ViewController.h */ = {isa = PBXFileReference; lastKnownFileType = sourcecode.c.h; path = ViewController.h; sourceTree = "<group>"; };
		F6D79E51232A044C00E68AA0 /* ViewController.m */ = {isa = PBXFileReference; lastKnownFileType = sourcecode.c.objc; path = ViewController.m; sourceTree = "<group>"; };
		F6D79E54232A044C00E68AA0 /* Base */ = {isa = PBXFileReference; lastKnownFileType = file.storyboard; name = Base; path = Base.lproj/Main.storyboard; sourceTree = "<group>"; };
		F6D79E56232A044D00E68AA0 /* Assets.xcassets */ = {isa = PBXFileReference; lastKnownFileType = folder.assetcatalog; path = Assets.xcassets; sourceTree = "<group>"; };
		F6D79E59232A044D00E68AA0 /* Base */ = {isa = PBXFileReference; lastKnownFileType = file.storyboard; name = Base; path = Base.lproj/LaunchScreen.storyboard; sourceTree = "<group>"; };
		F6D79E5B232A044D00E68AA0 /* Info.plist */ = {isa = PBXFileReference; lastKnownFileType = text.plist.xml; path = Info.plist; sourceTree = "<group>"; };
		F6D79E5C232A044D00E68AA0 /* main.m */ = {isa = PBXFileReference; lastKnownFileType = sourcecode.c.objc; path = main.m; sourceTree = "<group>"; };
/* End PBXFileReference section */

/* Begin PBXFrameworksBuildPhase section */
		F6D79E47232A044C00E68AA0 /* Frameworks */ = {
			isa = PBXFrameworksBuildPhase;
			buildActionMask = 2147483647;
			files = (
				72EC5B98279F7C766C29BC52 /* Pods_FlutterPodTest.framework in Frameworks */,
			);
			runOnlyForDeploymentPostprocessing = 0;
		};
/* End PBXFrameworksBuildPhase section */

/* Begin PBXGroup section */
		20AA7C99C6BC44309332EDAF /* Pods */ = {
			isa = PBXGroup;
			children = (
				F0CC42F686DE124BE45F5C2C /* Pods-FlutterPodTest.debug.xcconfig */,
				8CE0B66BC7F14D786EE68620 /* Pods-FlutterPodTest.release.xcconfig */,
			);
			name = Pods;
			path = Pods;
			sourceTree = "<group>";
		};
		8C1CD2206A3D2082E15BF257 /* Frameworks */ = {
			isa = PBXGroup;
			children = (
				537C1016858DBBF1BC7F4A77 /* Pods_FlutterPodTest.framework */,
			);
			name = Frameworks;
			sourceTree = "<group>";
		};
		F6D79E41232A044C00E68AA0 = {
			isa = PBXGroup;
			children = (
				F6D79E4C232A044C00E68AA0 /* FlutterPodTest */,
				F6D79E4B232A044C00E68AA0 /* Products */,
				20AA7C99C6BC44309332EDAF /* Pods */,
				8C1CD2206A3D2082E15BF257 /* Frameworks */,
			);
			sourceTree = "<group>";
		};
		F6D79E4B232A044C00E68AA0 /* Products */ = {
			isa = PBXGroup;
			children = (
				F6D79E4A232A044C00E68AA0 /* FlutterPodTest.app */,
			);
			name = Products;
			sourceTree = "<group>";
		};
		F6D79E4C232A044C00E68AA0 /* FlutterPodTest */ = {
			isa = PBXGroup;
			children = (
				F6D79E4D232A044C00E68AA0 /* AppDelegate.h */,
				F6D79E4E232A044C00E68AA0 /* AppDelegate.m */,
				F6D79E50232A044C00E68AA0 /* ViewController.h */,
				F6D79E51232A044C00E68AA0 /* ViewController.m */,
				F6D79E53232A044C00E68AA0 /* Main.storyboard */,
				F6D79E56232A044D00E68AA0 /* Assets.xcassets */,
				F6D79E58232A044D00E68AA0 /* LaunchScreen.storyboard */,
				F6D79E5B232A044D00E68AA0 /* Info.plist */,
				F6D79E5C232A044D00E68AA0 /* main.m */,
			);
			path = FlutterPodTest;
			sourceTree = "<group>";
		};
/* End PBXGroup section */

/* Begin PBXNativeTarget section */
		F6D79E49232A044C00E68AA0 /* FlutterPodTest */ = {
			isa = PBXNativeTarget;
			buildConfigurationList = F6D79E60232A044D00E68AA0 /* Build configuration list for PBXNativeTarget "FlutterPodTest" */;
			buildPhases = (
				C4B4678E72E5615A225151FC /* [CP] Check Pods Manifest.lock */,
				F6D79E46232A044C00E68AA0 /* Sources */,
				F6D79E47232A044C00E68AA0 /* Frameworks */,
				F6D79E48232A044C00E68AA0 /* Resources */,
				E188286EED95B589E7EDF116 /* [CP] Embed Pods Frameworks */,
			);
			buildRules = (
			);
			dependencies = (
			);
			name = FlutterPodTest;
			productName = FlutterPodTest;
			productReference = F6D79E4A232A044C00E68AA0 /* FlutterPodTest.app */;
			productType = "com.apple.product-type.application";
		};
/* End PBXNativeTarget section */

/* Begin PBXProject section */
		F6D79E42232A044C00E68AA0 /* Project object */ = {
			isa = PBXProject;
			attributes = {
				LastUpgradeCheck = 1030;
				TargetAttributes = {
					F6D79E49232A044C00E68AA0 = {
						CreatedOnToolsVersion = 10.3;
					};
				};
			};
			buildConfigurationList = F6D79E45232A044C00E68AA0 /* Build configuration list for PBXProject "FlutterPodTest" */;
			compatibilityVersion = "Xcode 9.3";
			developmentRegion = en;
			hasScannedForEncodings = 0;
			knownRegions = (
				en,
				Base,
			);
			mainGroup = F6D79E41232A044C00E68AA0;
			productRefGroup = F6D79E4B232A044C00E68AA0 /* Products */;
			projectDirPath = "";
			projectRoot = "";
			targets = (
				F6D79E49232A044C00E68AA0 /* FlutterPodTest */,
			);
		};
/* End PBXProject section */

/* Begin PBXResourcesBuildPhase section */
		F6D79E48232A044C00E68AA0 /* Resources */ = {
			isa = PBXResourcesBuildPhase;
			buildActionMask = 2147483647;
			files = (
				F6D79E5A232A044D00E68AA0 /* LaunchScreen.storyboard in Resources */,
				F6D79E57232A044D00E68AA0 /* Assets.xcassets in Resources */,
				F6D79E55232A044C00E68AA0 /* Main.storyboard in Resources */,
			);
			runOnlyForDeploymentPostprocessing = 0;
		};
/* End PBXResourcesBuildPhase section */

/* Begin PBXShellScriptBuildPhase section */
		C4B4678E72E5615A225151FC /* [CP] Check Pods Manifest.lock */ = {
			isa = PBXShellScriptBuildPhase;
			buildActionMask = 2147483647;
			files = (
			);
			inputFileListPaths = (
			);
			inputPaths = (
				"${PODS_PODFILE_DIR_PATH}/Podfile.lock",
				"${PODS_ROOT}/Manifest.lock",
			);
			name = "[CP] Check Pods Manifest.lock";
			outputFileListPaths = (
			);
			outputPaths = (
				"$(DERIVED_FILE_DIR)/Pods-FlutterPodTest-checkManifestLockResult.txt",
			);
			runOnlyForDeploymentPostprocessing = 0;
			shellPath = /bin/sh;
			shellScript = "diff \"${PODS_PODFILE_DIR_PATH}/Podfile.lock\" \"${PODS_ROOT}/Manifest.lock\" > /dev/null\nif [ $? != 0 ] ; then\n    # print error to STDERR\n    echo \"error: The sandbox is not in sync with the Podfile.lock. Run 'pod install' or update your CocoaPods installation.\" >&2\n    exit 1\nfi\n# This output is used by Xcode 'outputs' to avoid re-running this script phase.\necho \"SUCCESS\" > \"${SCRIPT_OUTPUT_FILE_0}\"\n";
			showEnvVarsInLog = 0;
		};
		E188286EED95B589E7EDF116 /* [CP] Embed Pods Frameworks */ = {
			isa = PBXShellScriptBuildPhase;
			buildActionMask = 2147483647;
			files = (
			);
			inputFileListPaths = (
				"${PODS_ROOT}/Target Support Files/Pods-FlutterPodTest/Pods-FlutterPodTest-frameworks-${CONFIGURATION}-input-files.xcfilelist",
			);
			name = "[CP] Embed Pods Frameworks";
			outputFileListPaths = (
				"${PODS_ROOT}/Target Support Files/Pods-FlutterPodTest/Pods-FlutterPodTest-frameworks-${CONFIGURATION}-output-files.xcfilelist",
			);
			runOnlyForDeploymentPostprocessing = 0;
			shellPath = /bin/sh;
			shellScript = "\"${PODS_ROOT}/Target Support Files/Pods-FlutterPodTest/Pods-FlutterPodTest-frameworks.sh\"\n";
			showEnvVarsInLog = 0;
		};
/* End PBXShellScriptBuildPhase section */

/* Begin PBXSourcesBuildPhase section */
		F6D79E46232A044C00E68AA0 /* Sources */ = {
			isa = PBXSourcesBuildPhase;
			buildActionMask = 2147483647;
			files = (
				F6D79E52232A044C00E68AA0 /* ViewController.m in Sources */,
				F6D79E5D232A044D00E68AA0 /* main.m in Sources */,
				F6D79E4F232A044C00E68AA0 /* AppDelegate.m in Sources */,
			);
			runOnlyForDeploymentPostprocessing = 0;
		};
/* End PBXSourcesBuildPhase section */

/* Begin PBXVariantGroup section */
		F6D79E53232A044C00E68AA0 /* Main.storyboard */ = {
			isa = PBXVariantGroup;
			children = (
				F6D79E54232A044C00E68AA0 /* Base */,
			);
			name = Main.storyboard;
			sourceTree = "<group>";
		};
		F6D79E58232A044D00E68AA0 /* LaunchScreen.storyboard */ = {
			isa = PBXVariantGroup;
			children = (
				F6D79E59232A044D00E68AA0 /* Base */,
			);
			name = LaunchScreen.storyboard;
			sourceTree = "<group>";
		};
/* End PBXVariantGroup section */

/* Begin XCBuildConfiguration section */
		F6D79E5E232A044D00E68AA0 /* Debug */ = {
			isa = XCBuildConfiguration;
			buildSettings = {
				ALWAYS_SEARCH_USER_PATHS = NO;
				CLANG_ANALYZER_NONNULL = YES;
				CLANG_ANALYZER_NUMBER_OBJECT_CONVERSION = YES_AGGRESSIVE;
				CLANG_CXX_LANGUAGE_STANDARD = "gnu++14";
				CLANG_CXX_LIBRARY = "libc++";
				CLANG_ENABLE_MODULES = YES;
				CLANG_ENABLE_OBJC_ARC = YES;
				CLANG_ENABLE_OBJC_WEAK = YES;
				CLANG_WARN_BLOCK_CAPTURE_AUTORELEASING = YES;
				CLANG_WARN_BOOL_CONVERSION = YES;
				CLANG_WARN_COMMA = YES;
				CLANG_WARN_CONSTANT_CONVERSION = YES;
				CLANG_WARN_DEPRECATED_OBJC_IMPLEMENTATIONS = YES;
				CLANG_WARN_DIRECT_OBJC_ISA_USAGE = YES_ERROR;
				CLANG_WARN_DOCUMENTATION_COMMENTS = YES;
				CLANG_WARN_EMPTY_BODY = YES;
				CLANG_WARN_ENUM_CONVERSION = YES;
				CLANG_WARN_INFINITE_RECURSION = YES;
				CLANG_WARN_INT_CONVERSION = YES;
				CLANG_WARN_NON_LITERAL_NULL_CONVERSION = YES;
				CLANG_WARN_OBJC_IMPLICIT_RETAIN_SELF = YES;
				CLANG_WARN_OBJC_LITERAL_CONVERSION = YES;
				CLANG_WARN_OBJC_ROOT_CLASS = YES_ERROR;
				CLANG_WARN_RANGE_LOOP_ANALYSIS = YES;
				CLANG_WARN_STRICT_PROTOTYPES = YES;
				CLANG_WARN_SUSPICIOUS_MOVE = YES;
				CLANG_WARN_UNGUARDED_AVAILABILITY = YES_AGGRESSIVE;
				CLANG_WARN_UNREACHABLE_CODE = YES;
				CLANG_WARN__DUPLICATE_METHOD_MATCH = YES;
				CODE_SIGN_IDENTITY = "iPhone Developer";
				COPY_PHASE_STRIP = NO;
				DEBUG_INFORMATION_FORMAT = dwarf;
				ENABLE_STRICT_OBJC_MSGSEND = YES;
				ENABLE_TESTABILITY = YES;
				GCC_C_LANGUAGE_STANDARD = gnu11;
				GCC_DYNAMIC_NO_PIC = NO;
				GCC_NO_COMMON_BLOCKS = YES;
				GCC_OPTIMIZATION_LEVEL = 0;
				GCC_PREPROCESSOR_DEFINITIONS = (
					"DEBUG=1",
					"$(inherited)",
				);
				GCC_WARN_64_TO_32_BIT_CONVERSION = YES;
				GCC_WARN_ABOUT_RETURN_TYPE = YES_ERROR;
				GCC_WARN_UNDECLARED_SELECTOR = YES;
				GCC_WARN_UNINITIALIZED_AUTOS = YES_AGGRESSIVE;
				GCC_WARN_UNUSED_FUNCTION = YES;
				GCC_WARN_UNUSED_VARIABLE = YES;
				IPHONEOS_DEPLOYMENT_TARGET = 12.4;
				MTL_ENABLE_DEBUG_INFO = INCLUDE_SOURCE;
				MTL_FAST_MATH = YES;
				ONLY_ACTIVE_ARCH = YES;
				SDKROOT = iphoneos;
			};
			name = Debug;
		};
		F6D79E5F232A044D00E68AA0 /* Release */ = {
			isa = XCBuildConfiguration;
			buildSettings = {
				ALWAYS_SEARCH_USER_PATHS = NO;
				CLANG_ANALYZER_NONNULL = YES;
				CLANG_ANALYZER_NUMBER_OBJECT_CONVERSION = YES_AGGRESSIVE;
				CLANG_CXX_LANGUAGE_STANDARD = "gnu++14";
				CLANG_CXX_LIBRARY = "libc++";
				CLANG_ENABLE_MODULES = YES;
				CLANG_ENABLE_OBJC_ARC = YES;
				CLANG_ENABLE_OBJC_WEAK = YES;
				CLANG_WARN_BLOCK_CAPTURE_AUTORELEASING = YES;
				CLANG_WARN_BOOL_CONVERSION = YES;
				CLANG_WARN_COMMA = YES;
				CLANG_WARN_CONSTANT_CONVERSION = YES;
				CLANG_WARN_DEPRECATED_OBJC_IMPLEMENTATIONS = YES;
				CLANG_WARN_DIRECT_OBJC_ISA_USAGE = YES_ERROR;
				CLANG_WARN_DOCUMENTATION_COMMENTS = YES;
				CLANG_WARN_EMPTY_BODY = YES;
				CLANG_WARN_ENUM_CONVERSION = YES;
				CLANG_WARN_INFINITE_RECURSION = YES;
				CLANG_WARN_INT_CONVERSION = YES;
				CLANG_WARN_NON_LITERAL_NULL_CONVERSION = YES;
				CLANG_WARN_OBJC_IMPLICIT_RETAIN_SELF = YES;
				CLANG_WARN_OBJC_LITERAL_CONVERSION = YES;
				CLANG_WARN_OBJC_ROOT_CLASS = YES_ERROR;
				CLANG_WARN_RANGE_LOOP_ANALYSIS = YES;
				CLANG_WARN_STRICT_PROTOTYPES = YES;
				CLANG_WARN_SUSPICIOUS_MOVE = YES;
				CLANG_WARN_UNGUARDED_AVAILABILITY = YES_AGGRESSIVE;
				CLANG_WARN_UNREACHABLE_CODE = YES;
				CLANG_WARN__DUPLICATE_METHOD_MATCH = YES;
				CODE_SIGN_IDENTITY = "iPhone Developer";
				COPY_PHASE_STRIP = NO;
				DEBUG_INFORMATION_FORMAT = "dwarf-with-dsym";
				ENABLE_NS_ASSERTIONS = NO;
				ENABLE_STRICT_OBJC_MSGSEND = YES;
				GCC_C_LANGUAGE_STANDARD = gnu11;
				GCC_NO_COMMON_BLOCKS = YES;
				GCC_WARN_64_TO_32_BIT_CONVERSION = YES;
				GCC_WARN_ABOUT_RETURN_TYPE = YES_ERROR;
				GCC_WARN_UNDECLARED_SELECTOR = YES;
				GCC_WARN_UNINITIALIZED_AUTOS = YES_AGGRESSIVE;
				GCC_WARN_UNUSED_FUNCTION = YES;
				GCC_WARN_UNUSED_VARIABLE = YES;
				IPHONEOS_DEPLOYMENT_TARGET = 12.4;
				MTL_ENABLE_DEBUG_INFO = NO;
				MTL_FAST_MATH = YES;
				SDKROOT = iphoneos;
				VALIDATE_PRODUCT = YES;
			};
			name = Release;
		};
		F6D79E61232A044D00E68AA0 /* Debug */ = {
			isa = XCBuildConfiguration;
			baseConfigurationReference = F0CC42F686DE124BE45F5C2C /* Pods-FlutterPodTest.debug.xcconfig */;
			buildSettings = {
				ASSETCATALOG_COMPILER_APPICON_NAME = AppIcon;
				CODE_SIGN_STYLE = Automatic;
				DEVELOPMENT_TEAM = C62TJ4568H;
				INFOPLIST_FILE = FlutterPodTest/Info.plist;
				LD_RUNPATH_SEARCH_PATHS = (
					"$(inherited)",
					"@executable_path/Frameworks",
				);
				PRODUCT_BUNDLE_IDENTIFIER = apach3.FlutterPodTest;
				PRODUCT_NAME = "$(TARGET_NAME)";
				TARGETED_DEVICE_FAMILY = "1,2";
			};
			name = Debug;
		};
		F6D79E62232A044D00E68AA0 /* Release */ = {
			isa = XCBuildConfiguration;
			baseConfigurationReference = 8CE0B66BC7F14D786EE68620 /* Pods-FlutterPodTest.release.xcconfig */;
			buildSettings = {
				ASSETCATALOG_COMPILER_APPICON_NAME = AppIcon;
				CODE_SIGN_STYLE = Automatic;
				DEVELOPMENT_TEAM = C62TJ4568H;
				INFOPLIST_FILE = FlutterPodTest/Info.plist;
				LD_RUNPATH_SEARCH_PATHS = (
					"$(inherited)",
					"@executable_path/Frameworks",
				);
				PRODUCT_BUNDLE_IDENTIFIER = apach3.FlutterPodTest;
				PRODUCT_NAME = "$(TARGET_NAME)";
				TARGETED_DEVICE_FAMILY = "1,2";
			};
			name = Release;
		};
/* End XCBuildConfiguration section */

/* Begin XCConfigurationList section */
		F6D79E45232A044C00E68AA0 /* Build configuration list for PBXProject "FlutterPodTest" */ = {
			isa = XCConfigurationList;
			buildConfigurations = (
				F6D79E5E232A044D00E68AA0 /* Debug */,
				F6D79E5F232A044D00E68AA0 /* Release */,
			);
			defaultConfigurationIsVisible = 0;
			defaultConfigurationName = Release;
		};
		F6D79E60232A044D00E68AA0 /* Build configuration list for PBXNativeTarget "FlutterPodTest" */ = {
			isa = XCConfigurationList;
			buildConfigurations = (
				F6D79E61232A044D00E68AA0 /* Debug */,
				F6D79E62232A044D00E68AA0 /* Release */,
			);
			defaultConfigurationIsVisible = 0;
			defaultConfigurationName = Release;
		};
/* End XCConfigurationList section */
	};
	rootObject = F6D79E42232A044C00E68AA0 /* Project object */;
}
